
Microsoft Visual Studio Solution File, Format Version 12.00
# Visual Studio Version 17
VisualStudioVersion = 17.8.34309.116
MinimumVisualStudioVersion = 10.0.40219.1
Project("{FAE04EC0-301F-11D3-BF4B-00C04F79EFBC}") = "Lab.Pavliyy4.1-1", "Lab.Pavliyy4.1-1\Lab.Pavliyy4.1-1.csproj", "{FD15CF54-AB0A-453F-BA56-F76B5C83D9EE}"
EndProject
Global
	GlobalSection(SolutionConfigurationPlatforms) = preSolution
		Debug|Any CPU = Debug|Any CPU
		Release|Any CPU = Release|Any CPU
	EndGlobalSection
	GlobalSection(ProjectConfigurationPlatforms) = postSolution
		{FD15CF54-AB0A-453F-BA56-F76B5C83D9EE}.Debug|Any CPU.ActiveCfg = Debug|Any CPU
		{FD15CF54-AB0A-453F-BA56-F76B5C83D9EE}.Debug|Any CPU.Build.0 = Debug|Any CPU
		{FD15CF54-AB0A-453F-BA56-F76B5C83D9EE}.Release|Any CPU.ActiveCfg = Release|Any CPU
		{FD15CF54-AB0A-453F-BA56-F76B5C83D9EE}.Release|Any CPU.Build.0 = Release|Any CPU
	EndGlobalSection
	GlobalSection(SolutionProperties) = preSolution
		HideSolutionNode = FALSE
	EndGlobalSection
	GlobalSection(ExtensibilityGlobals) = postSolution
		SolutionGuid = {4DFF42E9-3608-4EC9-AD71-2D4D4BC01402}
	EndGlobalSection
EndGlobal
